// !$*UTF8*$!
{
	archiveVersion = 1;
	classes = {
	};
	objectVersion = 46;
	objects = {

/* Begin PBXBuildFile section */
		29B556D31C7C28BA00609952 /* main.m in Sources */ = {isa = PBXBuildFile; fileRef = 29B556D21C7C28BA00609952 /* main.m */; };
		29B556D61C7C28BA00609952 /* AppDelegate.m in Sources */ = {isa = PBXBuildFile; fileRef = 29B556D51C7C28BA00609952 /* AppDelegate.m */; };
		29B556D91C7C28BA00609952 /* ViewController.m in Sources */ = {isa = PBXBuildFile; fileRef = 29B556D81C7C28BA00609952 /* ViewController.m */; };
		29B556DC1C7C28BA00609952 /* Main.storyboard in Resources */ = {isa = PBXBuildFile; fileRef = 29B556DA1C7C28BA00609952 /* Main.storyboard */; };
		29B556DF1C7C28BA00609952 /* FMDB.xcdatamodeld in Sources */ = {isa = PBXBuildFile; fileRef = 29B556DD1C7C28BA00609952 /* FMDB.xcdatamodeld */; };
		29B556E11C7C28BA00609952 /* Assets.xcassets in Resources */ = {isa = PBXBuildFile; fileRef = 29B556E01C7C28BA00609952 /* Assets.xcassets */; };
		29B556E41C7C28BA00609952 /* LaunchScreen.storyboard in Resources */ = {isa = PBXBuildFile; fileRef = 29B556E21C7C28BA00609952 /* LaunchScreen.storyboard */; };
		29B556EF1C7C28BA00609952 /* FMDBTests.m in Sources */ = {isa = PBXBuildFile; fileRef = 29B556EE1C7C28BA00609952 /* FMDBTests.m */; };
		29B556FA1C7C28BA00609952 /* FMDBUITests.m in Sources */ = {isa = PBXBuildFile; fileRef = 29B556F91C7C28BA00609952 /* FMDBUITests.m */; };
		29B557081C7C467D00609952 /* libsqlite3.0.tbd in Frameworks */ = {isa = PBXBuildFile; fileRef = 29B557071C7C467D00609952 /* libsqlite3.0.tbd */; };
		29B5570B1C7C56AB00609952 /* shop.m in Sources */ = {isa = PBXBuildFile; fileRef = 29B5570A1C7C56AB00609952 /* shop.m */; };
		29B557111C7C621400609952 /* searchbar_textfield_background.png in Resources */ = {isa = PBXBuildFile; fileRef = 29B5570D1C7C621400609952 /* searchbar_textfield_background.png */; };
		29B557121C7C621400609952 /* searchbar_textfield_background@2x.png in Resources */ = {isa = PBXBuildFile; fileRef = 29B5570E1C7C621400609952 /* searchbar_textfield_background@2x.png */; };
		29B557131C7C621400609952 /* searchbar_textfield_search_icon.png in Resources */ = {isa = PBXBuildFile; fileRef = 29B5570F1C7C621400609952 /* searchbar_textfield_search_icon.png */; };
		29B557141C7C621400609952 /* searchbar_textfield_search_icon@2x.png in Resources */ = {isa = PBXBuildFile; fileRef = 29B557101C7C621400609952 /* searchbar_textfield_search_icon@2x.png */; };
		29B557171C7C624C00609952 /* YLSearchBar.m in Sources */ = {isa = PBXBuildFile; fileRef = 29B557161C7C624C00609952 /* YLSearchBar.m */; };
		D333060A8AE32155E160F842 /* libPods.a in Frameworks */ = {isa = PBXBuildFile; fileRef = B0B9C8A3F1AB8E1957FDB0B2 /* libPods.a */; };
/* End PBXBuildFile section */

/* Begin PBXContainerItemProxy section */
		29B556EB1C7C28BA00609952 /* PBXContainerItemProxy */ = {
			isa = PBXContainerItemProxy;
			containerPortal = 29B556C61C7C28BA00609952 /* Project object */;
			proxyType = 1;
			remoteGlobalIDString = 29B556CD1C7C28BA00609952;
			remoteInfo = FMDB;
		};
		29B556F61C7C28BA00609952 /* PBXContainerItemProxy */ = {
			isa = PBXContainerItemProxy;
			containerPortal = 29B556C61C7C28BA00609952 /* Project object */;
			proxyType = 1;
			remoteGlobalIDString = 29B556CD1C7C28BA00609952;
			remoteInfo = FMDB;
		};
/* End PBXContainerItemProxy section */

/* Begin PBXFileReference section */
		29B556CE1C7C28BA00609952 /* FMDB.app */ = {isa = PBXFileReference; explicitFileType = wrapper.application; includeInIndex = 0; path = FMDB.app; sourceTree = BUILT_PRODUCTS_DIR; };
		29B556D21C7C28BA00609952 /* main.m */ = {isa = PBXFileReference; lastKnownFileType = sourcecode.c.objc; path = main.m; sourceTree = "<group>"; };
		29B556D41C7C28BA00609952 /* AppDelegate.h */ = {isa = PBXFileReference; lastKnownFileType = sourcecode.c.h; path = AppDelegate.h; sourceTree = "<group>"; };
		29B556D51C7C28BA00609952 /* AppDelegate.m */ = {isa = PBXFileReference; lastKnownFileType = sourcecode.c.objc; path = AppDelegate.m; sourceTree = "<group>"; };
		29B556D71C7C28BA00609952 /* ViewController.h */ = {isa = PBXFileReference; lastKnownFileType = sourcecode.c.h; path = ViewController.h; sourceTree = "<group>"; };
		29B556D81C7C28BA00609952 /* ViewController.m */ = {isa = PBXFileReference; lastKnownFileType = sourcecode.c.objc; path = ViewController.m; sourceTree = "<group>"; };
		29B556DB1C7C28BA00609952 /* Base */ = {isa = PBXFileReference; lastKnownFileType = file.storyboard; name = Base; path = Base.lproj/Main.storyboard; sourceTree = "<group>"; };
		29B556DE1C7C28BA00609952 /* FMDB.xcdatamodel */ = {isa = PBXFileReference; lastKnownFileType = wrapper.xcdatamodel; path = FMDB.xcdatamodel; sourceTree = "<group>"; };
		29B556E01C7C28BA00609952 /* Assets.xcassets */ = {isa = PBXFileReference; lastKnownFileType = folder.assetcatalog; path = Assets.xcassets; sourceTree = "<group>"; };
		29B556E31C7C28BA00609952 /* Base */ = {isa = PBXFileReference; lastKnownFileType = file.storyboard; name = Base; path = Base.lproj/LaunchScreen.storyboard; sourceTree = "<group>"; };
		29B556E51C7C28BA00609952 /* Info.plist */ = {isa = PBXFileReference; lastKnownFileType = text.plist.xml; path = Info.plist; sourceTree = "<group>"; };
		29B556EA1C7C28BA00609952 /* FMDBTests.xctest */ = {isa = PBXFileReference; explicitFileType = wrapper.cfbundle; includeInIndex = 0; path = FMDBTests.xctest; sourceTree = BUILT_PRODUCTS_DIR; };
		29B556EE1C7C28BA00609952 /* FMDBTests.m */ = {isa = PBXFileReference; lastKnownFileType = sourcecode.c.objc; path = FMDBTests.m; sourceTree = "<group>"; };
		29B556F01C7C28BA00609952 /* Info.plist */ = {isa = PBXFileReference; lastKnownFileType = text.plist.xml; path = Info.plist; sourceTree = "<group>"; };
		29B556F51C7C28BA00609952 /* FMDBUITests.xctest */ = {isa = PBXFileReference; explicitFileType = wrapper.cfbundle; includeInIndex = 0; path = FMDBUITests.xctest; sourceTree = BUILT_PRODUCTS_DIR; };
		29B556F91C7C28BA00609952 /* FMDBUITests.m */ = {isa = PBXFileReference; lastKnownFileType = sourcecode.c.objc; path = FMDBUITests.m; sourceTree = "<group>"; };
		29B556FB1C7C28BA00609952 /* Info.plist */ = {isa = PBXFileReference; lastKnownFileType = text.plist.xml; path = Info.plist; sourceTree = "<group>"; };
		29B557071C7C467D00609952 /* libsqlite3.0.tbd */ = {isa = PBXFileReference; lastKnownFileType = "sourcecode.text-based-dylib-definition"; name = libsqlite3.0.tbd; path = usr/lib/libsqlite3.0.tbd; sourceTree = SDKROOT; };
		29B557091C7C56AB00609952 /* shop.h */ = {isa = PBXFileReference; fileEncoding = 4; lastKnownFileType = sourcecode.c.h; path = shop.h; sourceTree = "<group>"; };
		29B5570A1C7C56AB00609952 /* shop.m */ = {isa = PBXFileReference; fileEncoding = 4; lastKnownFileType = sourcecode.c.objc; path = shop.m; sourceTree = "<group>"; };
		29B5570D1C7C621400609952 /* searchbar_textfield_background.png */ = {isa = PBXFileReference; lastKnownFileType = image.png; path = searchbar_textfield_background.png; sourceTree = "<group>"; };
		29B5570E1C7C621400609952 /* searchbar_textfield_background@2x.png */ = {isa = PBXFileReference; lastKnownFileType = image.png; path = "searchbar_textfield_background@2x.png"; sourceTree = "<group>"; };
		29B5570F1C7C621400609952 /* searchbar_textfield_search_icon.png */ = {isa = PBXFileReference; lastKnownFileType = image.png; path = searchbar_textfield_search_icon.png; sourceTree = "<group>"; };
		29B557101C7C621400609952 /* searchbar_textfield_search_icon@2x.png */ = {isa = PBXFileReference; lastKnownFileType = image.png; path = "searchbar_textfield_search_icon@2x.png"; sourceTree = "<group>"; };
		29B557151C7C624C00609952 /* YLSearchBar.h */ = {isa = PBXFileReference; fileEncoding = 4; lastKnownFileType = sourcecode.c.h; path = YLSearchBar.h; sourceTree = "<group>"; };
		29B557161C7C624C00609952 /* YLSearchBar.m */ = {isa = PBXFileReference; fileEncoding = 4; lastKnownFileType = sourcecode.c.objc; path = YLSearchBar.m; sourceTree = "<group>"; };
		34922AC06FD8FC346A2EAD42 /* Pods.release.xcconfig */ = {isa = PBXFileReference; includeInIndex = 1; lastKnownFileType = text.xcconfig; name = Pods.release.xcconfig; path = "Pods/Target Support Files/Pods/Pods.release.xcconfig"; sourceTree = "<group>"; };
		B0B9C8A3F1AB8E1957FDB0B2 /* libPods.a */ = {isa = PBXFileReference; explicitFileType = archive.ar; includeInIndex = 0; path = libPods.a; sourceTree = BUILT_PRODUCTS_DIR; };
		CF78C297474E1ABA7EE883AE /* Pods.debug.xcconfig */ = {isa = PBXFileReference; includeInIndex = 1; lastKnownFileType = text.xcconfig; name = Pods.debug.xcconfig; path = "Pods/Target Support Files/Pods/Pods.debug.xcconfig"; sourceTree = "<group>"; };
/* End PBXFileReference section */

/* Begin PBXFrameworksBuildPhase section */
		29B556CB1C7C28BA00609952 /* Frameworks */ = {
			isa = PBXFrameworksBuildPhase;
			buildActionMask = 2147483647;
			files = (
				29B557081C7C467D00609952 /* libsqlite3.0.tbd in Frameworks */,
				D333060A8AE32155E160F842 /* libPods.a in Frameworks */,
			);
			runOnlyForDeploymentPostprocessing = 0;
		};
		29B556E71C7C28BA00609952 /* Frameworks */ = {
			isa = PBXFrameworksBuildPhase;
			buildActionMask = 2147483647;
			files = (
			);
			runOnlyForDeploymentPostprocessing = 0;
		};
		29B556F21C7C28BA00609952 /* Frameworks */ = {
			isa = PBXFrameworksBuildPhase;
			buildActionMask = 2147483647;
			files = (
			);
			runOnlyForDeploymentPostprocessing = 0;
		};
/* End PBXFrameworksBuildPhase section */

/* Begin PBXGroup section */
		13440208F3AD3E17764A63B2 /* Pods */ = {
			isa = PBXGroup;
			children = (
				CF78C297474E1ABA7EE883AE /* Pods.debug.xcconfig */,
				34922AC06FD8FC346A2EAD42 /* Pods.release.xcconfig */,
			);
			name = Pods;
			sourceTree = "<group>";
		};
		2311740D10E8182118080AD0 /* Frameworks */ = {
			isa = PBXGroup;
			children = (
				B0B9C8A3F1AB8E1957FDB0B2 /* libPods.a */,
			);
			name = Frameworks;
			sourceTree = "<group>";
		};
		29B556C51C7C28BA00609952 = {
			isa = PBXGroup;
			children = (
				29B557071C7C467D00609952 /* libsqlite3.0.tbd */,
				29B556D01C7C28BA00609952 /* FMDB */,
				29B556ED1C7C28BA00609952 /* FMDBTests */,
				29B556F81C7C28BA00609952 /* FMDBUITests */,
				29B556CF1C7C28BA00609952 /* Products */,
				13440208F3AD3E17764A63B2 /* Pods */,
				2311740D10E8182118080AD0 /* Frameworks */,
			);
			sourceTree = "<group>";
		};
		29B556CF1C7C28BA00609952 /* Products */ = {
			isa = PBXGroup;
			children = (
				29B556CE1C7C28BA00609952 /* FMDB.app */,
				29B556EA1C7C28BA00609952 /* FMDBTests.xctest */,
				29B556F51C7C28BA00609952 /* FMDBUITests.xctest */,
			);
			name = Products;
			sourceTree = "<group>";
		};
		29B556D01C7C28BA00609952 /* FMDB */ = {
			isa = PBXGroup;
			children = (
				29B556D41C7C28BA00609952 /* AppDelegate.h */,
				29B556D51C7C28BA00609952 /* AppDelegate.m */,
				29B556D71C7C28BA00609952 /* ViewController.h */,
				29B556D81C7C28BA00609952 /* ViewController.m */,
				29B557091C7C56AB00609952 /* shop.h */,
				29B5570A1C7C56AB00609952 /* shop.m */,
				29B557151C7C624C00609952 /* YLSearchBar.h */,
				29B557161C7C624C00609952 /* YLSearchBar.m */,
				29B556DA1C7C28BA00609952 /* Main.storyboard */,
				29B556E01C7C28BA00609952 /* Assets.xcassets */,
				29B556E21C7C28BA00609952 /* LaunchScreen.storyboard */,
				29B556E51C7C28BA00609952 /* Info.plist */,
				29B556DD1C7C28BA00609952 /* FMDB.xcdatamodeld */,
				29B556D11C7C28BA00609952 /* Supporting Files */,
			);
			path = FMDB;
			sourceTree = "<group>";
		};
		29B556D11C7C28BA00609952 /* Supporting Files */ = {
			isa = PBXGroup;
			children = (
				29B5570C1C7C621400609952 /* image */,
				29B556D21C7C28BA00609952 /* main.m */,
			);
			name = "Supporting Files";
			sourceTree = "<group>";
		};
		29B556ED1C7C28BA00609952 /* FMDBTests */ = {
			isa = PBXGroup;
			children = (
				29B556EE1C7C28BA00609952 /* FMDBTests.m */,
				29B556F01C7C28BA00609952 /* Info.plist */,
			);
			path = FMDBTests;
			sourceTree = "<group>";
		};
		29B556F81C7C28BA00609952 /* FMDBUITests */ = {
			isa = PBXGroup;
			children = (
				29B556F91C7C28BA00609952 /* FMDBUITests.m */,
				29B556FB1C7C28BA00609952 /* Info.plist */,
			);
			path = FMDBUITests;
			sourceTree = "<group>";
		};
		29B5570C1C7C621400609952 /* image */ = {
			isa = PBXGroup;
			children = (
				29B5570D1C7C621400609952 /* searchbar_textfield_background.png */,
				29B5570E1C7C621400609952 /* searchbar_textfield_background@2x.png */,
				29B5570F1C7C621400609952 /* searchbar_textfield_search_icon.png */,
				29B557101C7C621400609952 /* searchbar_textfield_search_icon@2x.png */,
			);
			path = image;
			sourceTree = "<group>";
		};
/* End PBXGroup section */

/* Begin PBXNativeTarget section */
		29B556CD1C7C28BA00609952 /* FMDB */ = {
			isa = PBXNativeTarget;
			buildConfigurationList = 29B556FE1C7C28BA00609952 /* Build configuration list for PBXNativeTarget "FMDB" */;
			buildPhases = (
				97B36032D7035836023DE08C /* Check Pods Manifest.lock */,
				29B556CA1C7C28BA00609952 /* Sources */,
				29B556CB1C7C28BA00609952 /* Frameworks */,
				29B556CC1C7C28BA00609952 /* Resources */,
				CC0E1E21F570159F481B8723 /* Embed Pods Frameworks */,
				D40CA4B3781BD1239BE57D8F /* Copy Pods Resources */,
			);
			buildRules = (
			);
			dependencies = (
			);
			name = FMDB;
			productName = FMDB;
			productReference = 29B556CE1C7C28BA00609952 /* FMDB.app */;
			productType = "com.apple.product-type.application";
		};
		29B556E91C7C28BA00609952 /* FMDBTests */ = {
			isa = PBXNativeTarget;
			buildConfigurationList = 29B557011C7C28BA00609952 /* Build configuration list for PBXNativeTarget "FMDBTests" */;
			buildPhases = (
				29B556E61C7C28BA00609952 /* Sources */,
				29B556E71C7C28BA00609952 /* Frameworks */,
				29B556E81C7C28BA00609952 /* Resources */,
			);
			buildRules = (
			);
			dependencies = (
				29B556EC1C7C28BA00609952 /* PBXTargetDependency */,
			);
			name = FMDBTests;
			productName = FMDBTests;
			productReference = 29B556EA1C7C28BA00609952 /* FMDBTests.xctest */;
			productType = "com.apple.product-type.bundle.unit-test";
		};
		29B556F41C7C28BA00609952 /* FMDBUITests */ = {
			isa = PBXNativeTarget;
			buildConfigurationList = 29B557041C7C28BA00609952 /* Build configuration list for PBXNativeTarget "FMDBUITests" */;
			buildPhases = (
				29B556F11C7C28BA00609952 /* Sources */,
				29B556F21C7C28BA00609952 /* Frameworks */,
				29B556F31C7C28BA00609952 /* Resources */,
			);
			buildRules = (
			);
			dependencies = (
				29B556F71C7C28BA00609952 /* PBXTargetDependency */,
			);
			name = FMDBUITests;
			productName = FMDBUITests;
			productReference = 29B556F51C7C28BA00609952 /* FMDBUITests.xctest */;
			productType = "com.apple.product-type.bundle.ui-testing";
		};
/* End PBXNativeTarget section */

/* Begin PBXProject section */
		29B556C61C7C28BA00609952 /* Project object */ = {
			isa = PBXProject;
			attributes = {
				LastUpgradeCheck = 0720;
				ORGANIZATIONNAME = "余亮";
				TargetAttributes = {
					29B556CD1C7C28BA00609952 = {
						CreatedOnToolsVersion = 7.2.1;
					};
					29B556E91C7C28BA00609952 = {
						CreatedOnToolsVersion = 7.2.1;
						TestTargetID = 29B556CD1C7C28BA00609952;
					};
					29B556F41C7C28BA00609952 = {
						CreatedOnToolsVersion = 7.2.1;
						TestTargetID = 29B556CD1C7C28BA00609952;
					};
				};
			};
			buildConfigurationList = 29B556C91C7C28BA00609952 /* Build configuration list for PBXProject "FMDB" */;
			compatibilityVersion = "Xcode 3.2";
			developmentRegion = English;
			hasScannedForEncodings = 0;
			knownRegions = (
				en,
				Base,
			);
			mainGroup = 29B556C51C7C28BA00609952;
			productRefGroup = 29B556CF1C7C28BA00609952 /* Products */;
			projectDirPath = "";
			projectRoot = "";
			targets = (
				29B556CD1C7C28BA00609952 /* FMDB */,
				29B556E91C7C28BA00609952 /* FMDBTests */,
				29B556F41C7C28BA00609952 /* FMDBUITests */,
			);
		};
/* End PBXProject section */

/* Begin PBXResourcesBuildPhase section */
		29B556CC1C7C28BA00609952 /* Resources */ = {
			isa = PBXResourcesBuildPhase;
			buildActionMask = 2147483647;
			files = (
				29B557141C7C621400609952 /* searchbar_textfield_search_icon@2x.png in Resources */,
				29B556E41C7C28BA00609952 /* LaunchScreen.storyboard in Resources */,
				29B556E11C7C28BA00609952 /* Assets.xcassets in Resources */,
				29B556DC1C7C28BA00609952 /* Main.storyboard in Resources */,
				29B557121C7C621400609952 /* searchbar_textfield_background@2x.png in Resources */,
				29B557131C7C621400609952 /* searchbar_textfield_search_icon.png in Resources */,
				29B557111C7C621400609952 /* searchbar_textfield_background.png in Resources */,
			);
			runOnlyForDeploymentPostprocessing = 0;
		};
		29B556E81C7C28BA00609952 /* Resources */ = {
			isa = PBXResourcesBuildPhase;
			buildActionMask = 2147483647;
			files = (
			);
			runOnlyForDeploymentPostprocessing = 0;
		};
		29B556F31C7C28BA00609952 /* Resources */ = {
			isa = PBXResourcesBuildPhase;
			buildActionMask = 2147483647;
			files = (
			);
			runOnlyForDeploymentPostprocessing = 0;
		};
/* End PBXResourcesBuildPhase section */

/* Begin PBXShellScriptBuildPhase section */
		97B36032D7035836023DE08C /* Check Pods Manifest.lock */ = {
			isa = PBXShellScriptBuildPhase;
			buildActionMask = 2147483647;
			files = (
			);
			inputPaths = (
			);
			name = "Check Pods Manifest.lock";
			outputPaths = (
			);
			runOnlyForDeploymentPostprocessing = 0;
			shellPath = /bin/sh;
			shellScript = "diff \"${PODS_ROOT}/../Podfile.lock\" \"${PODS_ROOT}/Manifest.lock\" > /dev/null\nif [[ $? != 0 ]] ; then\n    cat << EOM\nerror: The sandbox is not in sync with the Podfile.lock. Run 'pod install' or update your CocoaPods installation.\nEOM\n    exit 1\nfi\n";
			showEnvVarsInLog = 0;
		};
		CC0E1E21F570159F481B8723 /* Embed Pods Frameworks */ = {
			isa = PBXShellScriptBuildPhase;
			buildActionMask = 2147483647;
			files = (
			);
			inputPaths = (
			);
			name = "Embed Pods Frameworks";
			outputPaths = (
			);
			runOnlyForDeploymentPostprocessing = 0;
			shellPath = /bin/sh;
			shellScript = "\"${SRCROOT}/Pods/Target Support Files/Pods/Pods-frameworks.sh\"\n";
			showEnvVarsInLog = 0;
		};
		D40CA4B3781BD1239BE57D8F /* Copy Pods Resources */ = {
			isa = PBXShellScriptBuildPhase;
			buildActionMask = 2147483647;
			files = (
			);
			inputPaths = (
			);
			name = "Copy Pods Resources";
			outputPaths = (
			);
			runOnlyForDeploymentPostprocessing = 0;
			shellPath = /bin/sh;
			shellScript = "\"${SRCROOT}/Pods/Target Support Files/Pods/Pods-resources.sh\"\n";
			showEnvVarsInLog = 0;
		};
/* End PBXShellScriptBuildPhase section */

/* Begin PBXSourcesBuildPhase section */
		29B556CA1C7C28BA00609952 /* Sources */ = {
			isa = PBXSourcesBuildPhase;
			buildActionMask = 2147483647;
			files = (
				29B5570B1C7C56AB00609952 /* shop.m in Sources */,
				29B556D91C7C28BA00609952 /* ViewController.m in Sources */,
				29B557171C7C624C00609952 /* YLSearchBar.m in Sources */,
				29B556D61C7C28BA00609952 /* AppDelegate.m in Sources */,
				29B556DF1C7C28BA00609952 /* FMDB.xcdatamodeld in Sources */,
				29B556D31C7C28BA00609952 /* main.m in Sources */,
			);
			runOnlyForDeploymentPostprocessing = 0;
		};
		29B556E61C7C28BA00609952 /* Sources */ = {
			isa = PBXSourcesBuildPhase;
			buildActionMask = 2147483647;
			files = (
				29B556EF1C7C28BA00609952 /* FMDBTests.m in Sources */,
			);
			runOnlyForDeploymentPostprocessing = 0;
		};
		29B556F11C7C28BA00609952 /* Sources */ = {
			isa = PBXSourcesBuildPhase;
			buildActionMask = 2147483647;
			files = (
				29B556FA1C7C28BA00609952 /* FMDBUITests.m in Sources */,
			);
			runOnlyForDeploymentPostprocessing = 0;
		};
/* End PBXSourcesBuildPhase section */

/* Begin PBXTargetDependency section */
		29B556EC1C7C28BA00609952 /* PBXTargetDependency */ = {
			isa = PBXTargetDependency;
			target = 29B556CD1C7C28BA00609952 /* FMDB */;
			targetProxy = 29B556EB1C7C28BA00609952 /* PBXContainerItemProxy */;
		};
		29B556F71C7C28BA00609952 /* PBXTargetDependency */ = {
			isa = PBXTargetDependency;
			target = 29B556CD1C7C28BA00609952 /* FMDB */;
			targetProxy = 29B556F61C7C28BA00609952 /* PBXContainerItemProxy */;
		};
/* End PBXTargetDependency section */

/* Begin PBXVariantGroup section */
		29B556DA1C7C28BA00609952 /* Main.storyboard */ = {
			isa = PBXVariantGroup;
			children = (
				29B556DB1C7C28BA00609952 /* Base */,
			);
			name = Main.storyboard;
			sourceTree = "<group>";
		};
		29B556E21C7C28BA00609952 /* LaunchScreen.storyboard */ = {
			isa = PBXVariantGroup;
			children = (
				29B556E31C7C28BA00609952 /* Base */,
			);
			name = LaunchScreen.storyboard;
			sourceTree = "<group>";
		};
/* End PBXVariantGroup section */

/* Begin XCBuildConfiguration section */
		29B556FC1C7C28BA00609952 /* Debug */ = {
			isa = XCBuildConfiguration;
			buildSettings = {
				ALWAYS_SEARCH_USER_PATHS = NO;
				CLANG_CXX_LANGUAGE_STANDARD = "gnu++0x";
				CLANG_CXX_LIBRARY = "libc++";
				CLANG_ENABLE_MODULES = YES;
				CLANG_ENABLE_OBJC_ARC = YES;
				CLANG_WARN_BOOL_CONVERSION = YES;
				CLANG_WARN_CONSTANT_CONVERSION = YES;
				CLANG_WARN_DIRECT_OBJC_ISA_USAGE = YES_ERROR;
				CLANG_WARN_EMPTY_BODY = YES;
				CLANG_WARN_ENUM_CONVERSION = YES;
				CLANG_WARN_INT_CONVERSION = YES;
				CLANG_WARN_OBJC_ROOT_CLASS = YES_ERROR;
				CLANG_WARN_UNREACHABLE_CODE = YES;
				CLANG_WARN__DUPLICATE_METHOD_MATCH = YES;
				"CODE_SIGN_IDENTITY[sdk=iphoneos*]" = "iPhone Developer";
				COPY_PHASE_STRIP = NO;
				DEBUG_INFORMATION_FORMAT = dwarf;
				ENABLE_STRICT_OBJC_MSGSEND = YES;
				ENABLE_TESTABILITY = YES;
				GCC_C_LANGUAGE_STANDARD = gnu99;
				GCC_DYNAMIC_NO_PIC = NO;
				GCC_NO_COMMON_BLOCKS = YES;
				GCC_OPTIMIZATION_LEVEL = 0;
				GCC_PREPROCESSOR_DEFINITIONS = (
					"DEBUG=1",
					"$(inherited)",
				);
				GCC_WARN_64_TO_32_BIT_CONVERSION = YES;
				GCC_WARN_ABOUT_RETURN_TYPE = YES_ERROR;
				GCC_WARN_UNDECLARED_SELECTOR = YES;
				GCC_WARN_UNINITIALIZED_AUTOS = YES_AGGRESSIVE;
				GCC_WARN_UNUSED_FUNCTION = YES;
				GCC_WARN_UNUSED_VARIABLE = YES;
				IPHONEOS_DEPLOYMENT_TARGET = 9.2;
				MTL_ENABLE_DEBUG_INFO = YES;
				ONLY_ACTIVE_ARCH = YES;
				SDKROOT = iphoneos;
			};
			name = Debug;
		};
		29B556FD1C7C28BA00609952 /* Release */ = {
			isa = XCBuildConfiguration;
			buildSettings = {
				ALWAYS_SEARCH_USER_PATHS = NO;
				CLANG_CXX_LANGUAGE_STANDARD = "gnu++0x";
				CLANG_CXX_LIBRARY = "libc++";
				CLANG_ENABLE_MODULES = YES;
				CLANG_ENABLE_OBJC_ARC = YES;
				CLANG_WARN_BOOL_CONVERSION = YES;
				CLANG_WARN_CONSTANT_CONVERSION = YES;
				CLANG_WARN_DIRECT_OBJC_ISA_USAGE = YES_ERROR;
				CLANG_WARN_EMPTY_BODY = YES;
				CLANG_WARN_ENUM_CONVERSION = YES;
				CLANG_WARN_INT_CONVERSION = YES;
				CLANG_WARN_OBJC_ROOT_CLASS = YES_ERROR;
				CLANG_WARN_UNREACHABLE_CODE = YES;
				CLANG_WARN__DUPLICATE_METHOD_MATCH = YES;
				"CODE_SIGN_IDENTITY[sdk=iphoneos*]" = "iPhone Developer";
				COPY_PHASE_STRIP = NO;
				DEBUG_INFORMATION_FORMAT = "dwarf-with-dsym";
				ENABLE_NS_ASSERTIONS = NO;
				ENABLE_STRICT_OBJC_MSGSEND = YES;
				GCC_C_LANGUAGE_STANDARD = gnu99;
				GCC_NO_COMMON_BLOCKS = YES;
				GCC_WARN_64_TO_32_BIT_CONVERSION = YES;
				GCC_WARN_ABOUT_RETURN_TYPE = YES_ERROR;
				GCC_WARN_UNDECLARED_SELECTOR = YES;
				GCC_WARN_UNINITIALIZED_AUTOS = YES_AGGRESSIVE;
				GCC_WARN_UNUSED_FUNCTION = YES;
				GCC_WARN_UNUSED_VARIABLE = YES;
				IPHONEOS_DEPLOYMENT_TARGET = 9.2;
				MTL_ENABLE_DEBUG_INFO = NO;
				SDKROOT = iphoneos;
				VALIDATE_PRODUCT = YES;
			};
			name = Release;
		};
		29B556FF1C7C28BA00609952 /* Debug */ = {
			isa = XCBuildConfiguration;
			baseConfigurationReference = CF78C297474E1ABA7EE883AE /* Pods.debug.xcconfig */;
			buildSettings = {
				ASSETCATALOG_COMPILER_APPICON_NAME = AppIcon;
				INFOPLIST_FILE = FMDB/Info.plist;
				LD_RUNPATH_SEARCH_PATHS = "$(inherited) @executable_path/Frameworks";
				PRODUCT_BUNDLE_IDENTIFIER = com.520it.FMDB;
				PRODUCT_NAME = "$(TARGET_NAME)";
			};
			name = Debug;
		};
		29B557001C7C28BA00609952 /* Release */ = {
			isa = XCBuildConfiguration;
			baseConfigurationReference = 34922AC06FD8FC346A2EAD42 /* Pods.release.xcconfig */;
			buildSettings = {
				ASSETCATALOG_COMPILER_APPICON_NAME = AppIcon;
				INFOPLIST_FILE = FMDB/Info.plist;
				LD_RUNPATH_SEARCH_PATHS = "$(inherited) @executable_path/Frameworks";
				PRODUCT_BUNDLE_IDENTIFIER = com.520it.FMDB;
				PRODUCT_NAME = "$(TARGET_NAME)";
			};
			name = Release;
		};
		29B557021C7C28BA00609952 /* Debug */ = {
			isa = XCBuildConfiguration;
			buildSettings = {
				BUNDLE_LOADER = "$(TEST_HOST)";
				INFOPLIST_FILE = FMDBTests/Info.plist;
				LD_RUNPATH_SEARCH_PATHS = "$(inherited) @executable_path/Frameworks @loader_path/Frameworks";
				PRODUCT_BUNDLE_IDENTIFIER = com.520it.FMDBTests;
				PRODUCT_NAME = "$(TARGET_NAME)";
				TEST_HOST = "$(BUILT_PRODUCTS_DIR)/FMDB.app/FMDB";
			};
			name = Debug;
		};
		29B557031C7C28BA00609952 /* Release */ = {
			isa = XCBuildConfiguration;
			buildSettings = {
				BUNDLE_LOADER = "$(TEST_HOST)";
				INFOPLIST_FILE = FMDBTests/Info.plist;
				LD_RUNPATH_SEARCH_PATHS = "$(inherited) @executable_path/Frameworks @loader_path/Frameworks";
				PRODUCT_BUNDLE_IDENTIFIER = com.520it.FMDBTests;
				PRODUCT_NAME = "$(TARGET_NAME)";
				TEST_HOST = "$(BUILT_PRODUCTS_DIR)/FMDB.app/FMDB";
			};
			name = Release;
		};
		29B557051C7C28BA00609952 /* Debug */ = {
			isa = XCBuildConfiguration;
			buildSettings = {
				INFOPLIST_FILE = FMDBUITests/Info.plist;
				LD_RUNPATH_SEARCH_PATHS = "$(inherited) @executable_path/Frameworks @loader_path/Frameworks";
				PRODUCT_BUNDLE_IDENTIFIER = com.520it.FMDBUITests;
				PRODUCT_NAME = "$(TARGET_NAME)";
				TEST_TARGET_NAME = FMDB;
				USES_XCTRUNNER = YES;
			};
			name = Debug;
		};
		29B557061C7C28BA00609952 /* Release */ = {
			isa = XCBuildConfiguration;
			buildSettings = {
				INFOPLIST_FILE = FMDBUITests/Info.plist;
				LD_RUNPATH_SEARCH_PATHS = "$(inherited) @executable_path/Frameworks @loader_path/Frameworks";
				PRODUCT_BUNDLE_IDENTIFIER = com.520it.FMDBUITests;
				PRODUCT_NAME = "$(TARGET_NAME)";
				TEST_TARGET_NAME = FMDB;
				USES_XCTRUNNER = YES;
			};
			name = Release;
		};
/* End XCBuildConfiguration section */

/* Begin XCConfigurationList section */
		29B556C91C7C28BA00609952 /* Build configuration list for PBXProject "FMDB" */ = {
			isa = XCConfigurationList;
			buildConfigurations = (
				29B556FC1C7C28BA00609952 /* Debug */,
				29B556FD1C7C28BA00609952 /* Release */,
			);
			defaultConfigurationIsVisible = 0;
			defaultConfigurationName = Release;
		};
		29B556FE1C7C28BA00609952 /* Build configuration list for PBXNativeTarget "FMDB" */ = {
			isa = XCConfigurationList;
			buildConfigurations = (
				29B556FF1C7C28BA00609952 /* Debug */,
				29B557001C7C28BA00609952 /* Release */,
			);
			defaultConfigurationIsVisible = 0;
			defaultConfigurationName = Release;
		};
		29B557011C7C28BA00609952 /* Build configuration list for PBXNativeTarget "FMDBTests" */ = {
			isa = XCConfigurationList;
			buildConfigurations = (
				29B557021C7C28BA00609952 /* Debug */,
				29B557031C7C28BA00609952 /* Release */,
			);
			defaultConfigurationIsVisible = 0;
			defaultConfigurationName = Release;
		};
		29B557041C7C28BA00609952 /* Build configuration list for PBXNativeTarget "FMDBUITests" */ = {
			isa = XCConfigurationList;
			buildConfigurations = (
				29B557051C7C28BA00609952 /* Debug */,
				29B557061C7C28BA00609952 /* Release */,
			);
			defaultConfigurationIsVisible = 0;
			defaultConfigurationName = Release;
		};
/* End XCConfigurationList section */

/* Begin XCVersionGroup section */
		29B556DD1C7C28BA00609952 /* FMDB.xcdatamodeld */ = {
			isa = XCVersionGroup;
			children = (
				29B556DE1C7C28BA00609952 /* FMDB.xcdatamodel */,
			);
			currentVersion = 29B556DE1C7C28BA00609952 /* FMDB.xcdatamodel */;
			path = FMDB.xcdatamodeld;
			sourceTree = "<group>";
			versionGroupType = wrapper.xcdatamodel;
		};
/* End XCVersionGroup section */
	};
	rootObject = 29B556C61C7C28BA00609952 /* Project object */;
}
